lockfileVersion: '9.0'

settings:
  autoInstallPeers: true
  excludeLinksFromLockfile: false

importers:

  .:
    dependencies:
      lucide-react:
        specifier: 0.468.0
        version: 0.468.0(react@19.1.1)
      react:
        specifier: 19.1.1
        version: 19.1.1
      react-dom:
        specifier: 19.1.1
        version: 19.1.1(react@19.1.1)
      three:
        specifier: 0.180.0
        version: 0.180.0
      zustand:
        specifier: 5.0.8
        version: 5.0.8(@types/react@19.1.16)(react@19.1.1)
    devDependencies:
      '@types/react':
        specifier: 19.1.16
        version: 19.1.16
      '@types/react-dom':
        specifier: 19.1.9
        version: 19.1.9(@types/react@19.1.16)
      '@types/three':
        specifier: 0.180.0
        version: 0.180.0
      tsx:
        specifier: 4.20.6
        version: 4.20.6
      typescript:
        specifier: 5.9.3
        version: 5.9.3
      vite:
        specifier: 7.1.7
        version: 7.1.7(tsx@4.20.6)

packages:

  '@dimforge/rapier3d-compat@0.12.0':
    resolution: {integrity: sha512-uekIGetywIgopfD97oDL5PfeezkFpNhwlzlaEYNOA0N6ghdsOvh/HYjSMek5Q2O1PYvRSDFcqFVJl4r4ZBwOow==}

  '@esbuild/aix-ppc64@0.25.12':
    resolution: {integrity: sha512-Hhmwd6CInZ3dwpuGTF8fJG6yoWmsToE+vYgD4nytZVxcu1ulHpUQRAB1UJ8+N1Am3Mz4+xOByoQoSZf4D+CpkA==}
    engines: {node: '>=18'}
    cpu: [ppc64]
    os: [aix]

  '@esbuild/android-arm64@0.25.12':
    resolution: {integrity: sha512-6AAmLG7zwD1Z159jCKPvAxZd4y/VTO0VkprYy+3N2FtJ8+BQWFXU+OxARIwA46c5tdD9SsKGZ/1ocqBS/gAKHg==}
    engines: {node: '>=18'}
    cpu: [arm64]
    os: [android]

  '@esbuild/android-arm@0.25.12':
    resolution: {integrity: sha512-VJ+sKvNA/GE7Ccacc9Cha7bpS8nyzVv0jdVgwNDaR4gDMC/2TTRc33Ip8qrNYUcpkOHUT5OZ0bUcNNVZQ9RLlg==}
    engines: {node: '>=18'}
    cpu: [arm]
    os: [android]

  '@esbuild/android-x64@0.25.12':
    resolution: {integrity: sha512-5jbb+2hhDHx5phYR2By8GTWEzn6I9UqR11Kwf22iKbNpYrsmRB18aX/9ivc5cabcUiAT/wM+YIZ6SG9QO6a8kg==}
    engines: {node: '>=18'}
    cpu: [x64]
    os: [android]

  '@esbuild/darwin-arm64@0.25.12':
    resolution: {integrity: sha512-N3zl+lxHCifgIlcMUP5016ESkeQjLj/959RxxNYIthIg+CQHInujFuXeWbWMgnTo4cp5XVHqFPmpyu9J65C1Yg==}
    engines: {node: '>=18'}
    cpu: [arm64]
    os: [darwin]

  '@esbuild/darwin-x64@0.25.12':
    resolution: {integrity: sha512-HQ9ka4Kx21qHXwtlTUVbKJOAnmG1ipXhdWTmNXiPzPfWKpXqASVcWdnf2bnL73wgjNrFXAa3yYvBSd9pzfEIpA==}
    engines: {node: '>=18'}
    cpu: [x64]
    os: [darwin]

  '@esbuild/freebsd-arm64@0.25.12':
    resolution: {integrity: sha512-gA0Bx759+7Jve03K1S0vkOu5Lg/85dou3EseOGUes8flVOGxbhDDh/iZaoek11Y8mtyKPGF3vP8XhnkDEAmzeg==}
    engines: {node: '>=18'}
    cpu: [arm64]
    os: [freebsd]

  '@esbuild/freebsd-x64@0.25.12':
    resolution: {integrity: sha512-TGbO26Yw2xsHzxtbVFGEXBFH0FRAP7gtcPE7P5yP7wGy7cXK2oO7RyOhL5NLiqTlBh47XhmIUXuGciXEqYFfBQ==}
    engines: {node: '>=18'}
    cpu: [x64]
    os: [freebsd]

  '@esbuild/linux-arm64@0.25.12':
    resolution: {integrity: sha512-8bwX7a8FghIgrupcxb4aUmYDLp8pX06rGh5HqDT7bB+8Rdells6mHvrFHHW2JAOPZUbnjUpKTLg6ECyzvas2AQ==}
    engines: {node: '>=18'}
    cpu: [arm64]
    os: [linux]

  '@esbuild/linux-arm@0.25.12':
    resolution: {integrity: sha512-lPDGyC1JPDou8kGcywY0YILzWlhhnRjdof3UlcoqYmS9El818LLfJJc3PXXgZHrHCAKs/Z2SeZtDJr5MrkxtOw==}
    engines: {node: '>=18'}
    cpu: [arm]
    os: [linux]

  '@esbuild/linux-ia32@0.25.12':
    resolution: {integrity: sha512-0y9KrdVnbMM2/vG8KfU0byhUN+EFCny9+8g202gYqSSVMonbsCfLjUO+rCci7pM0WBEtz+oK/PIwHkzxkyharA==}
    engines: {node: '>=18'}
    cpu: [ia32]
    os: [linux]

  '@esbuild/linux-loong64@0.25.12':
    resolution: {integrity: sha512-h///Lr5a9rib/v1GGqXVGzjL4TMvVTv+s1DPoxQdz7l/AYv6LDSxdIwzxkrPW438oUXiDtwM10o9PmwS/6Z0Ng==}
    engines: {node: '>=18'}
    cpu: [loong64]
    os: [linux]

  '@esbuild/linux-mips64el@0.25.12':
    resolution: {integrity: sha512-iyRrM1Pzy9GFMDLsXn1iHUm18nhKnNMWscjmp4+hpafcZjrr2WbT//d20xaGljXDBYHqRcl8HnxbX6uaA/eGVw==}
    engines: {node: '>=18'}
    cpu: [mips64el]
    os: [linux]

  '@esbuild/linux-ppc64@0.25.12':
    resolution: {integrity: sha512-9meM/lRXxMi5PSUqEXRCtVjEZBGwB7P/D4yT8UG/mwIdze2aV4Vo6U5gD3+RsoHXKkHCfSxZKzmDssVlRj1QQA==}
    engines: {node: '>=18'}
    cpu: [ppc64]
    os: [linux]

  '@esbuild/linux-riscv64@0.25.12':
    resolution: {integrity: sha512-Zr7KR4hgKUpWAwb1f3o5ygT04MzqVrGEGXGLnj15YQDJErYu/BGg+wmFlIDOdJp0PmB0lLvxFIOXZgFRrdjR0w==}
    engines: {node: '>=18'}
    cpu: [riscv64]
    os: [linux]

  '@esbuild/linux-s390x@0.25.12':
    resolution: {integrity: sha512-MsKncOcgTNvdtiISc/jZs/Zf8d0cl/t3gYWX8J9ubBnVOwlk65UIEEvgBORTiljloIWnBzLs4qhzPkJcitIzIg==}
    engines: {node: '>=18'}
    cpu: [s390x]
    os: [linux]

  '@esbuild/linux-x64@0.25.12':
    resolution: {integrity: sha512-uqZMTLr/zR/ed4jIGnwSLkaHmPjOjJvnm6TVVitAa08SLS9Z0VM8wIRx7gWbJB5/J54YuIMInDquWyYvQLZkgw==}
    engines: {node: '>=18'}
    cpu: [x64]
    os: [linux]

  '@esbuild/netbsd-arm64@0.25.12':
    resolution: {integrity: sha512-xXwcTq4GhRM7J9A8Gv5boanHhRa/Q9KLVmcyXHCTaM4wKfIpWkdXiMog/KsnxzJ0A1+nD+zoecuzqPmCRyBGjg==}
    engines: {node: '>=18'}
    cpu: [arm64]
    os: [netbsd]

  '@esbuild/netbsd-x64@0.25.12':
    resolution: {integrity: sha512-Ld5pTlzPy3YwGec4OuHh1aCVCRvOXdH8DgRjfDy/oumVovmuSzWfnSJg+VtakB9Cm0gxNO9BzWkj6mtO1FMXkQ==}
    engines: {node: '>=18'}
    cpu: [x64]
    os: [netbsd]

  '@esbuild/openbsd-arm64@0.25.12':
    resolution: {integrity: sha512-fF96T6KsBo/pkQI950FARU9apGNTSlZGsv1jZBAlcLL1MLjLNIWPBkj5NlSz8aAzYKg+eNqknrUJ24QBybeR5A==}
    engines: {node: '>=18'}
    cpu: [arm64]
    os: [openbsd]

  '@esbuild/openbsd-x64@0.25.12':
    resolution: {integrity: sha512-MZyXUkZHjQxUvzK7rN8DJ3SRmrVrke8ZyRusHlP+kuwqTcfWLyqMOE3sScPPyeIXN/mDJIfGXvcMqCgYKekoQw==}
    engines: {node: '>=18'}
    cpu: [x64]
    os: [openbsd]

  '@esbuild/openharmony-arm64@0.25.12':
    resolution: {integrity: sha512-rm0YWsqUSRrjncSXGA7Zv78Nbnw4XL6/dzr20cyrQf7ZmRcsovpcRBdhD43Nuk3y7XIoW2OxMVvwuRvk9XdASg==}
    engines: {node: '>=18'}
    cpu: [arm64]
    os: [openharmony]

  '@esbuild/sunos-x64@0.25.12':
    resolution: {integrity: sha512-3wGSCDyuTHQUzt0nV7bocDy72r2lI33QL3gkDNGkod22EsYl04sMf0qLb8luNKTOmgF/eDEDP5BFNwoBKH441w==}
    engines: {node: '>=18'}
    cpu: [x64]
    os: [sunos]

  '@esbuild/win32-arm64@0.25.12':
    resolution: {integrity: sha512-rMmLrur64A7+DKlnSuwqUdRKyd3UE7oPJZmnljqEptesKM8wx9J8gx5u0+9Pq0fQQW8vqeKebwNXdfOyP+8Bsg==}
    engines: {node: '>=18'}
    cpu: [arm64]
    os: [win32]

  '@esbuild/win32-ia32@0.25.12':
    resolution: {integrity: sha512-HkqnmmBoCbCwxUKKNPBixiWDGCpQGVsrQfJoVGYLPT41XWF8lHuE5N6WhVia2n4o5QK5M4tYr21827fNhi4byQ==}
    engines: {node: '>=18'}
    cpu: [ia32]
    os: [win32]

  '@esbuild/win32-x64@0.25.12':
    resolution: {integrity: sha512-alJC0uCZpTFrSL0CCDjcgleBXPnCrEAhTBILpeAp7M/OFgoqtAetfBzX0xM00MUsVVPpVjlPuMbREqnZCXaTnA==}
    engines: {node: '>=18'}
    cpu: [x64]
    os: [win32]

  '@napi-rs/lzma-linux-x64-gnu@1.5.1':
    resolution: {integrity: sha512-oTXEIha4SsuXdTA4Iyskj0kpdx2yVXdhd75c2v3xGrHFfVMsbhTPZU/nMPL4sWKo4pBHm3aucLaqGlF696dTyQ==}
    engines: {node: ^22.20 || ^24.12 || >=25}
    cpu: [x64]
    os: [linux]
    libc: [glibc]

  '@rollup/rollup-android-arm-eabi@4.63.2':
    resolution: {integrity: sha512-Xa6RDoWa+hNiX6PgsljlH6W75RaONx3y6PVlbLhkEWW+GaPQ3dP5gwbL/erAzQHWwkvW5UxdD5l87Qx2FAQ/4A==}
    cpu: [arm]
    os: [android]

  '@rollup/rollup-android-arm64@4.63.2':
    resolution: {integrity: sha512-vNASxsghMfQ5s+v3PrpnJd+ryL/26lxCCaGI+sDJ7VzmHiYXIrrVltsDhaawxLM1WcoMU2oYlbPHLaYQtBzhcg==}
    cpu: [arm64]
    os: [android]

  '@rollup/rollup-darwin-arm64@4.63.2':
    resolution: {integrity: sha512-0dWDjmlrpZAgjPD/aPzUDhBW8APLRjAni5bOrM76wiiZm+E+KTMVKNhAzaTBohz8UyO2fKNAl0+fygbe2HZXOA==}
    cpu: [arm64]
    os: [darwin]

  '@rollup/rollup-darwin-x64@4.63.2':
    resolution: {integrity: sha512-N58uktcwzk3+qT4KHEuNdIxX1N01RWrkfVoml69EAbSaNDL+sbNVLx2RMl4Qd23lpA0fgPvyh5hHb4weD5WKmg==}
    cpu: [x64]
    os: [darwin]

  '@rollup/rollup-freebsd-arm64@4.63.2':
    resolution: {integrity: sha512-HWF2zH8EAp2scWRpt2PGe6iUGz7zi04waXsdRr3zb4DWCk2ImIo5FZu0jjmD53nP/DGSvnW0e7/1ToCNZs2lZw==}
    cpu: [arm64]
    os: [freebsd]

  '@rollup/rollup-freebsd-x64@4.63.2':
    resolution: {integrity: sha512-MkvcwHMnzPSMOQEwB6wHnLzmc+hT8BGc5bW/Mhmjjgx3wbj6VBnlc47XsK74kD0K9MikFfXpQqyz4NUXaUW62A==}
    cpu: [x64]
    os: [freebsd]

  '@rollup/rollup-linux-arm-gnueabihf@4.63.2':
    resolution: {integrity: sha512-xe1bCKPJaKsD0tfd7Rb6bGfUogJTpKbTEEthsfdb7hTfTRNJVQTdirabQx0o6ERVba/smkM720soMY+0QnrlSQ==}
    cpu: [arm]
    os: [linux]
    libc: [glibc]

  '@rollup/rollup-linux-arm-musleabihf@4.63.2':
    resolution: {integrity: sha512-yOM7LdK0p6gk6+Q773OEwtlsikT1TL3yMmYsTtRlDRPha5vV2DC5x7LqRWDr6f3cSYNMKVqxzffXv8ivxNBIFQ==}
    cpu: [arm]
    os: [linux]
    libc: [musl]

  '@rollup/rollup-linux-arm64-gnu@4.63.2':
    resolution: {integrity: sha512-qiWuJJV3DybA2IfzvRimeKXGrGuVPv1zobSY/26KnP3HbV0VcNb3ECzgvtbvF3xjSMkcooou6HASXZuLdjnhpQ==}
    cpu: [arm64]
    os: [linux]
    libc: [glibc]

  '@rollup/rollup-linux-arm64-musl@4.63.2':
    resolution: {integrity: sha512-akcZquRzCY/KpUoZAMBhGf7oi4LmXq1BzRA5CPAC3rkUf28Y/sAYV3jSL+JKd7cwEyFvR5G0XVZ0gaMedP+60A==}
    cpu: [arm64]
    os: [linux]
    libc: [musl]

  '@rollup/rollup-linux-loong64-gnu@4.63.2':
    resolution: {integrity: sha512-fNwYHrPyYyxauPzX/cpYw8Z7LQpp+DGA0KCoswA0aVFBpmdMil9XgjB8V3Ny64Ihu797+GKcuJqnsOKEmor7fA==}
    cpu: [loong64]
    os: [linux]
    libc: [glibc]

  '@rollup/rollup-linux-loong64-musl@4.63.2':
    resolution: {integrity: sha512-XfvsgzR7DZqREdst7K1Mj3ilSUM5xLAHJcIMDFPKdxTs9q5VHOT8aMA+a683fqBu7DQl8+Sd9HCsQYL8EMY9qA==}
    cpu: [loong64]
    os: [linux]
    libc: [musl]

  '@rollup/rollup-linux-ppc64-gnu@4.63.2':
    resolution: {integrity: sha512-Pp7gVZggEFlbcuztay+/U0gVG9S1XAh8i7I1Re/htbAzo43P5wHZHw6pTyzotISqlKohoh9RpIfnOz3RbemK1w==}
    cpu: [ppc64]
    os: [linux]
    libc: [glibc]

  '@rollup/rollup-linux-ppc64-musl@4.63.2':
    resolution: {integrity: sha512-zkgL2xff6i7u5hau/m6FGeS8gRkLEdgLw522WGmdWWlLd9btmNl3S80mcEjtGq+kvgUekQ3+BOYLLLcPlS2LIA==}
    cpu: [ppc64]
    os: [linux]
    libc: [musl]

  '@rollup/rollup-linux-riscv64-gnu@4.63.2':
    resolution: {integrity: sha512-qOheJomrkVCbbHFJ7L3J97cnhfogKqguAQphv26+3ZsAQIF1L19b+dArl//s8rjJHJLz9byykyM8NBP4nmSa1g==}
    cpu: [riscv64]
    os: [linux]
    libc: [glibc]

  '@rollup/rollup-linux-riscv64-musl@4.63.2':
    resolution: {integrity: sha512-XlxLD54wQhH3FciCgMofxBw27NzUe818gJH410qWvc41UT0ZFcgxVjyX5/EK8MPTupjeVWqN5oy+9pCA9mqfCA==}
    cpu: [riscv64]
    os: [linux]
    libc: [musl]

  '@rollup/rollup-linux-s390x-gnu@4.63.2':
    resolution: {integrity: sha512-vdryWeRb2bLJZf0Fv/W8se6nvsHe2PkTCxV0meheK3nQE+G90VCJcke51Miy1yQRsfm2uqIyjXOu4wmUzbTtkQ==}
    cpu: [s390x]
    os: [linux]
    libc: [glibc]

  '@rollup/rollup-linux-x64-gnu@4.63.2':
    resolution: {integrity: sha512-bcq2h2pkKmH2po4cZV8VWzO4lL40STyu/nLoFpYMQp9C2tCVNTdcVv86MwSsn3D5s1FBe2Ty1atqvVAUTMimNg==}
    cpu: [x64]
    os: [linux]
    libc: [glibc]

  '@rollup/rollup-linux-x64-musl@4.63.2':
    resolution: {integrity: sha512-EGoo5DMVMRkTId8fuTDaoxVlR5ZTsKULUezRjd9gCw5eeY+DjCvDpZAOlNUvKPGX+7rS1RWx6j+yOpNPx0cUgQ==}
    cpu: [x64]
    os: [linux]
    libc: [musl]

  '@rollup/rollup-openbsd-x64@4.63.2':
    resolution: {integrity: sha512-MErl12k7BFHZG1TI9QF/3lSSZARzq9KgNy/FjnqFMCkv+N4RSSzoUCA5h2mqHX4Mox3WaTVKblyzhQ1zRb2ZuQ==}
    cpu: [x64]
    os: [openbsd]

  '@rollup/rollup-openharmony-arm64@4.63.2':
    resolution: {integrity: sha512-ILs8k07Wh4p0PsNY4wYLEaXZKMOpVhrG5QDB0yHhGhuzOfDlnyHN6sflL4El/MpUP1y8uY2lUZrv4oBS6pTT3g==}
    cpu: [arm64]
    os: [openharmony]

  '@rollup/rollup-win32-arm64-msvc@4.63.2':
    resolution: {integrity: sha512-hKgB3nz/TKD3Wv78XEsyXzQsNjvhOHmwKQTvXADGOyU/cIClZDO7DsoggbdmJDPGp5V80tA3Vfv61PaKTLH3LA==}
    cpu: [arm64]
    os: [win32]

  '@rollup/rollup-win32-ia32-msvc@4.63.2':
    resolution: {integrity: sha512-T4wf1mudIDxN8Q/CWIBJC1u5gQUc+r5mPvlwoSbIvNkyVTP2TAFeobEmst5AQ4gMyAz4sSByVdoTDfvTmGK/8g==}
    cpu: [ia32]
    os: [win32]

  '@rollup/rollup-win32-x64-gnu@4.63.2':
    resolution: {integrity: sha512-tC3IY7qoaD9Ll3/8WJQn49j5V2f/NuI9S41NOE2iM5MPs3sPIvOkVToLcz/7Bz4pyF7PSvrtwu8I/pUrGOSecQ==}
    cpu: [x64]
    os: [win32]

  '@rollup/rollup-win32-x64-msvc@4.63.2':
    resolution: {integrity: sha512-6NHnk/K3eq2ZFYcU1X8g67s9qIJRCOTT92gwLMVBp08dB2uuuwI1/Q/empzL2Bfr2f2WRLJVwpp90RmacQyFkw==}
    cpu: [x64]
    os: [win32]

  '@tweenjs/tween.js@23.1.3':
    resolution: {integrity: sha512-vJmvvwFxYuGnF2axRtPYocag6Clbb5YS7kLL+SO/TeVFzHqDIWrNKYtcsPMibjDx9O+bu+psAy9NKfWklassUA==}

  '@types/estree@1.0.9':
    resolution: {integrity: sha512-GhdPgy1el4/ImP05X05Uw4cw2/M93BCUmnEvWZNStlCzEKME4Fkk+YpoA5OiHNQmoS7Cafb8Xa3Pya8m1Qrzeg==}

  '@types/react-dom@19.1.9':
    resolution: {integrity: sha512-qXRuZaOsAdXKFyOhRBg6Lqqc0yay13vN7KrIg4L7N4aaHN68ma9OK3NE1BoDFgFOTfM7zg+3/8+2n8rLUH3OKQ==}
    peerDependencies:
      '@types/react': ^19.0.0

  '@types/react@19.1.16':
    resolution: {integrity: sha512-WBM/nDbEZmDUORKnh5i1bTnAz6vTohUf9b8esSMu+b24+srbaxa04UbJgWx78CVfNXA20sNu0odEIluZDFdCog==}

  '@types/stats.js@0.17.4':
    resolution: {integrity: sha512-jIBvWWShCvlBqBNIZt0KAshWpvSjhkwkEu4ZUcASoAvhmrgAUI2t1dXrjSL4xXVLB4FznPrIsX3nKXFl/Dt4vA==}

  '@types/three@0.180.0':
    resolution: {integrity: sha512-ykFtgCqNnY0IPvDro7h+9ZeLY+qjgUWv+qEvUt84grhenO60Hqd4hScHE7VTB9nOQ/3QM8lkbNE+4vKjEpUxKg==}

  '@types/webxr@0.5.24':
    resolution: {integrity: sha512-h8fgEd/DpoS9CBrjEQXR+dIDraopAEfu4wYVNY2tEPwk60stPWhvZMf4Foo5FakuQ7HFZoa8WceaWFervK2Ovg==}

  '@webgpu/types@0.1.72':
    resolution: {integrity: sha512-0cF7RFM2edNoiIS1ODJp0/Gzv4/xSXhwoR0YCza+OWpJWtn4wmo9DvK91aLlH9+uUnwIriP7ZiC3WitmyhuzBw==}

  csstype@3.2.3:
    resolution: {integrity: sha512-z1HGKcYy2xA8AGQfwrn0PAy+PB7X/GSj3UVJW9qKyn43xWa+gl5nXmU4qqLMRzWVLFC8KusUX8T/0kCiOYpAIQ==}

  esbuild@0.25.12:
    resolution: {integrity: sha512-bbPBYYrtZbkt6Os6FiTLCTFxvq4tt3JKall1vRwshA3fdVztsLAatFaZobhkBC8/BrPetoa0oksYoKXoG4ryJg==}
    engines: {node: '>=18'}
    hasBin: true

  fdir@6.5.0:
    resolution: {integrity: sha512-tIbYtZbucOs0BRGqPJkshJUYdL+SDH7dVM8gjy+ERp3WAUjLEFJE+02kanyHtwjWOnwrKYBiwAmM0p4kLJAnXg==}
    engines: {node: '>=12.0.0'}
    peerDependencies:
      picomatch: ^3 || ^4
    peerDependenciesMeta:
      picomatch:
        optional: true

  fflate@0.8.3:
    resolution: {integrity: sha512-tbZNuJrLwGUp3zshBtdy4W+ORxZuIh8a5ilyIEQDC5rY1f3U20JMry0Ll3WBzU58EZKsEuJFXhb5gwv8CsPvgA==}

  fsevents@2.3.3:
    resolution: {integrity: sha512-5xoDfX+fL7faATnagmWPpbFtwh/R77WmMMqqHGS65C3vvB0YHrgF+B1YmZ3441tMj5n63k0212XNoJwzlhffQw==}
    engines: {node: ^8.16.0 || ^10.6.0 || >=11.0.0}
    os: [darwin]

  get-tsconfig@4.14.3:
    resolution: {integrity: sha512-++QEw4DIY7WGoukz+/+A/8dGYPT9l9yIadnmSgZ8Rjr3YVSVDipQSO9CdnJo9ePqFqUUqh+wk9uIaoiAwsiPkA==}

  lucide-react@0.468.0:
    resolution: {integrity: sha512-6koYRhnM2N0GGZIdXzSeiNwguv1gt/FAjZOiPl76roBi3xKEXa4WmfpxgQwTTL4KipXjefrnf3oV4IsYhi4JFA==}
    peerDependencies:
      react: ^16.5.1 || ^17.0.0 || ^18.0.0 || ^19.0.0-rc

  meshoptimizer@0.22.0:
    resolution: {integrity: sha512-IebiK79sqIy+E4EgOr+CAw+Ke8hAspXKzBd0JdgEmPHiAwmvEj2S4h1rfvo+o/BnfEYd/jAOg5IeeIjzlzSnDg==}

  nanoid@3.3.19:
    resolution: {integrity: sha512-Y2tUNy4ouw6tq5oDSKeQYGOyhkUBhNOcGV/02KC+6kd9eDGqdZd++mjMiIDilrBYvjEnCYvVtsuHCuP+okSfug==}
    engines: {node: ^10 || ^12 || ^13.7 || ^14 || >=15.0.1}
    hasBin: true

  picocolors@1.1.1:
    resolution: {integrity: sha512-xceH2snhtb5M9liqDsmEw56le376mTZkEX/jEb/RxNFyegNul7eNslCXP9FDj/Lcu0X8KEyMceP2ntpaHrDEVA==}

  picomatch@4.0.7:
    resolution: {integrity: sha512-qcJu88Q2IWqJsDD529JKMdwGm/dvInW4HvQnRwiH9JtihJvzGOscDtHE3x1pBKeUOTysQ8kVmLnJ2kJu7yhcGA==}
    engines: {node: '>=12'}

  postcss@8.5.28:
    resolution: {integrity: sha512-RRuzqDtt5Y9h3quz5hWhK+TPnsmVs6WwSU6LkJMeY4HstUEDuYTG8UJSdawMRzmzAtV+KEoG8N3Qg2qLy5vM/A==}
    engines: {node: ^10 || ^12 || >=14}

  react-dom@19.1.1:
    resolution: {integrity: sha512-Dlq/5LAZgF0Gaz6yiqZCf6VCcZs1ghAJyrsu84Q/GT0gV+mCxbfmKNoGRKBYMJ8IEdGPqu49YWXD02GCknEDkw==}
    peerDependencies:
      react: ^19.1.1

  react@19.1.1:
    resolution: {integrity: sha512-w8nqGImo45dmMIfljjMwOGtbmC/mk4CMYhWIicdSflH91J9TyCyczcPFXJzrZ/ZXcgGRFeP6BU0BEJTw6tZdfQ==}
    engines: {node: '>=0.10.0'}

  resolve-pkg-maps@1.0.0:
    resolution: {integrity: sha512-seS2Tj26TBVOC2NIc2rOe2y2ZO7efxITtLZcGSOnHHNOQ7CkiUBfw0Iw2ck6xkIhPwLhKNLS8BO+hEpngQlqzw==}

  rollup@4.63.2:
    resolution: {integrity: sha512-l5eyksV4tPBj6lJyEa37YzIOCSOV7lkZzEHUdpjWZbtD7wTcFYmEYXSgm5bT4vV+dZLb9rBG1W9GROOG4NS4Ew==}
    engines: {node: '>=18.0.0', npm: '>=8.0.0'}
    hasBin: true

  scheduler@0.26.0:
    resolution: {integrity: sha512-NlHwttCI/l5gCPR3D1nNXtWABUmBwvZpEQiD4IXSbIDq8BzLIK/7Ir5gTFSGZDUu37K5cMNp0hFtzO38sC7gWA==}

  source-map-js@1.2.1:
    resolution: {integrity: sha512-UXWMKhLOwVKb728IUtQPXxfYU+usdybtUrK/8uGE8CQMvrhOpwvzDBwj0QhSL7MQc7vIsISBG8VQ8+IDQxpfQA==}
    engines: {node: '>=0.10.0'}

  three@0.180.0:
    resolution: {integrity: sha512-o+qycAMZrh+TsE01GqWUxUIKR1AL0S8pq7zDkYOQw8GqfX8b8VoCKYUoHbhiX5j+7hr8XsuHDVU6+gkQJQKg9w==}

  tinyglobby@0.2.17:
    resolution: {integrity: sha512-wXR/dYpcqKmfWpEdZjiKJOwCNFndD0DMnrW/cYjVGttEkBfVgcLFHoNrlj47mjOVic9yyNu65alsgF4NQyTa2g==}
    engines: {node: '>=12.0.0'}

  tsx@4.20.6:
    resolution: {integrity: sha512-ytQKuwgmrrkDTFP4LjR0ToE2nqgy886GpvRSpU0JAnrdBYppuY5rLkRUYPU1yCryb24SsKBTL/hlDQAEFVwtZg==}
    engines: {node: '>=18.0.0'}
    hasBin: true

  typescript@5.9.3:
    resolution: {integrity: sha512-jl1vZzPDinLr9eUt3J/t7V6FgNEw9QjvBPdysz9KfQDD41fQrC2Y4vKQdiaUpFT4bXlb1RHhLpp8wtm6M5TgSw==}
    engines: {node: '>=14.17'}
    hasBin: true

  vite@7.1.7:
    resolution: {integrity: sha512-VbA8ScMvAISJNJVbRDTJdCwqQoAareR/wutevKanhR2/1EkoXVZVkkORaYm/tNVCjP/UDTKtcw3bAkwOUdedmA==}
    engines: {node: ^20.19.0 || >=22.12.0}
    hasBin: true
    peerDependencies:
      '@types/node': ^20.19.0 || >=22.12.0
      jiti: '>=1.21.0'
      less: ^4.0.0
      lightningcss: ^1.21.0
      sass: ^1.70.0
      sass-embedded: ^1.70.0
      stylus: '>=0.54.8'
      sugarss: ^5.0.0
      terser: ^5.16.0
      tsx: ^4.8.1
      yaml: ^2.4.2
    peerDependenciesMeta:
      '@types/node':
        optional: true
      jiti:
        optional: true
      less:
        optional: true
      lightningcss:
        optional: true
      sass:
        optional: true
      sass-embedded:
        optional: true
      stylus:
        optional: true
      sugarss:
        optional: true
      terser:
        optional: true
      tsx:
        optional: true
      yaml:
        optional: true

  zustand@5.0.8:
    resolution: {integrity: sha512-gyPKpIaxY9XcO2vSMrLbiER7QMAMGOQZVRdJ6Zi782jkbzZygq5GI9nG8g+sMgitRtndwaBSl7uiqC49o1SSiw==}
    engines: {node: '>=12.20.0'}
    peerDependencies:
      '@types/react': '>=18.0.0'
      immer: '>=9.0.6'
      react: '>=18.0.0'
      use-sync-external-store: '>=1.2.0'
    peerDependenciesMeta:
      '@types/react':
        optional: true
      immer:
        optional: true
      react:
        optional: true
      use-sync-external-store:
        optional: true

snapshots:

  '@dimforge/rapier3d-compat@0.12.0': {}

  '@esbuild/aix-ppc64@0.25.12':
    optional: true

  '@esbuild/android-arm64@0.25.12':
    optional: true

  '@esbuild/android-arm@0.25.12':
    optional: true

  '@esbuild/android-x64@0.25.12':
    optional: true

  '@esbuild/darwin-arm64@0.25.12':
    optional: true

  '@esbuild/darwin-x64@0.25.12':
    optional: true

  '@esbuild/freebsd-arm64@0.25.12':
    optional: true

  '@esbuild/freebsd-x64@0.25.12':
    optional: true

  '@esbuild/linux-arm64@0.25.12':
    optional: true

  '@esbuild/linux-arm@0.25.12':
    optional: true

  '@esbuild/linux-ia32@0.25.12':
    optional: true

  '@esbuild/linux-loong64@0.25.12':
    optional: true

  '@esbuild/linux-mips64el@0.25.12':
    optional: true

  '@esbuild/linux-ppc64@0.25.12':
    optional: true

  '@esbuild/linux-riscv64@0.25.12':
    optional: true

  '@esbuild/linux-s390x@0.25.12':
    optional: true

  '@esbuild/linux-x64@0.25.12':
    optional: true

  '@esbuild/netbsd-arm64@0.25.12':
    optional: true

  '@esbuild/netbsd-x64@0.25.12':
    optional: true

  '@esbuild/openbsd-arm64@0.25.12':
    optional: true

  '@esbuild/openbsd-x64@0.25.12':
    optional: true

  '@esbuild/openharmony-arm64@0.25.12':
    optional: true

  '@esbuild/sunos-x64@0.25.12':
    optional: true

  '@esbuild/win32-arm64@0.25.12':
    optional: true

  '@esbuild/win32-ia32@0.25.12':
    optional: true

  '@esbuild/win32-x64@0.25.12':
    optional: true

  '@napi-rs/lzma-linux-x64-gnu@1.5.1':
    optional: true

  '@rollup/rollup-android-arm-eabi@4.63.2':
    optional: true

  '@rollup/rollup-android-arm64@4.63.2':
    optional: true

  '@rollup/rollup-darwin-arm64@4.63.2':
    optional: true

  '@rollup/rollup-darwin-x64@4.63.2':
    optional: true

  '@rollup/rollup-freebsd-arm64@4.63.2':
    optional: true

  '@rollup/rollup-freebsd-x64@4.63.2':
    optional: true

  '@rollup/rollup-linux-arm-gnueabihf@4.63.2':
    optional: true

  '@rollup/rollup-linux-arm-musleabihf@4.63.2':
    optional: true

  '@rollup/rollup-linux-arm64-gnu@4.63.2':
    optional: true

  '@rollup/rollup-linux-arm64-musl@4.63.2':
    optional: true

  '@rollup/rollup-linux-loong64-gnu@4.63.2':
    optional: true

  '@rollup/rollup-linux-loong64-musl@4.63.2':
    optional: true

  '@rollup/rollup-linux-ppc64-gnu@4.63.2':
    optional: true

  '@rollup/rollup-linux-ppc64-musl@4.63.2':
    optional: true

  '@rollup/rollup-linux-riscv64-gnu@4.63.2':
    optional: true

  '@rollup/rollup-linux-riscv64-musl@4.63.2':
    optional: true

  '@rollup/rollup-linux-s390x-gnu@4.63.2':
    optional: true

  '@rollup/rollup-linux-x64-gnu@4.63.2':
    optional: true

  '@rollup/rollup-linux-x64-musl@4.63.2':
    optional: true

  '@rollup/rollup-openbsd-x64@4.63.2':
    optional: true

  '@rollup/rollup-openharmony-arm64@4.63.2':
    optional: true

  '@rollup/rollup-win32-arm64-msvc@4.63.2':
    optional: true

  '@rollup/rollup-win32-ia32-msvc@4.63.2':
    optional: true

  '@rollup/rollup-win32-x64-gnu@4.63.2':
    optional: true

  '@rollup/rollup-win32-x64-msvc@4.63.2':
    optional: true

  '@tweenjs/tween.js@23.1.3': {}

  '@types/estree@1.0.9': {}

  '@types/react-dom@19.1.9(@types/react@19.1.16)':
    dependencies:
      '@types/react': 19.1.16

  '@types/react@19.1.16':
    dependencies:
      csstype: 3.2.3

  '@types/stats.js@0.17.4': {}

  '@types/three@0.180.0':
    dependencies:
      '@dimforge/rapier3d-compat': 0.12.0
      '@tweenjs/tween.js': 23.1.3
      '@types/stats.js': 0.17.4
      '@types/webxr': 0.5.24
      '@webgpu/types': 0.1.72
      fflate: 0.8.3
      meshoptimizer: 0.22.0

  '@types/webxr@0.5.24': {}

  '@webgpu/types@0.1.72': {}

  csstype@3.2.3: {}

  esbuild@0.25.12:
    optionalDependencies:
      '@esbuild/aix-ppc64': 0.25.12
      '@esbuild/android-arm': 0.25.12
      '@esbuild/android-arm64': 0.25.12
      '@esbuild/android-x64': 0.25.12
      '@esbuild/darwin-arm64': 0.25.12
      '@esbuild/darwin-x64': 0.25.12
      '@esbuild/freebsd-arm64': 0.25.12
      '@esbuild/freebsd-x64': 0.25.12
      '@esbuild/linux-arm': 0.25.12
      '@esbuild/linux-arm64': 0.25.12
      '@esbuild/linux-ia32': 0.25.12
      '@esbuild/linux-loong64': 0.25.12
      '@esbuild/linux-mips64el': 0.25.12
      '@esbuild/linux-ppc64': 0.25.12
      '@esbuild/linux-riscv64': 0.25.12
      '@esbuild/linux-s390x': 0.25.12
      '@esbuild/linux-x64': 0.25.12
      '@esbuild/netbsd-arm64': 0.25.12
      '@esbuild/netbsd-x64': 0.25.12
      '@esbuild/openbsd-arm64': 0.25.12
      '@esbuild/openbsd-x64': 0.25.12
      '@esbuild/openharmony-arm64': 0.25.12
      '@esbuild/sunos-x64': 0.25.12
      '@esbuild/win32-arm64': 0.25.12
      '@esbuild/win32-ia32': 0.25.12
      '@esbuild/win32-x64': 0.25.12

  fdir@6.5.0(picomatch@4.0.7):
    optionalDependencies:
      picomatch: 4.0.7

  fflate@0.8.3: {}

  fsevents@2.3.3:
    optional: true

  get-tsconfig@4.14.3:
    dependencies:
      resolve-pkg-maps: 1.0.0

  lucide-react@0.468.0(react@19.1.1):
    dependencies:
      react: 19.1.1

  meshoptimizer@0.22.0: {}

  nanoid@3.3.19: {}

  picocolors@1.1.1: {}

  picomatch@4.0.7: {}

  postcss@8.5.28:
    dependencies:
      nanoid: 3.3.19
      picocolors: 1.1.1
      source-map-js: 1.2.1

  react-dom@19.1.1(react@19.1.1):
    dependencies:
      react: 19.1.1
      scheduler: 0.26.0

  react@19.1.1: {}

  resolve-pkg-maps@1.0.0: {}

  rollup@4.63.2:
    dependencies:
      '@types/estree': 1.0.9
    optionalDependencies:
      '@napi-rs/lzma-linux-x64-gnu': 1.5.1
      '@rollup/rollup-android-arm-eabi': 4.63.2
      '@rollup/rollup-android-arm64': 4.63.2
      '@rollup/rollup-darwin-arm64': 4.63.2
      '@rollup/rollup-darwin-x64': 4.63.2
      '@rollup/rollup-freebsd-arm64': 4.63.2
      '@rollup/rollup-freebsd-x64': 4.63.2
      '@rollup/rollup-linux-arm-gnueabihf': 4.63.2
      '@rollup/rollup-linux-arm-musleabihf': 4.63.2
      '@rollup/rollup-linux-arm64-gnu': 4.63.2
      '@rollup/rollup-linux-arm64-musl': 4.63.2
      '@rollup/rollup-linux-loong64-gnu': 4.63.2
      '@rollup/rollup-linux-loong64-musl': 4.63.2
      '@rollup/rollup-linux-ppc64-gnu': 4.63.2
      '@rollup/rollup-linux-ppc64-musl': 4.63.2
      '@rollup/rollup-linux-riscv64-gnu': 4.63.2
      '@rollup/rollup-linux-riscv64-musl': 4.63.2
      '@rollup/rollup-linux-s390x-gnu': 4.63.2
      '@rollup/rollup-linux-x64-gnu': 4.63.2
      '@rollup/rollup-linux-x64-musl': 4.63.2
      '@rollup/rollup-openbsd-x64': 4.63.2
      '@rollup/rollup-openharmony-arm64': 4.63.2
      '@rollup/rollup-win32-arm64-msvc': 4.63.2
      '@rollup/rollup-win32-ia32-msvc': 4.63.2
      '@rollup/rollup-win32-x64-gnu': 4.63.2
      '@rollup/rollup-win32-x64-msvc': 4.63.2
      fsevents: 2.3.3

  scheduler@0.26.0: {}

  source-map-js@1.2.1: {}

  three@0.180.0: {}

  tinyglobby@0.2.17:
    dependencies:
      fdir: 6.5.0(picomatch@4.0.7)
      picomatch: 4.0.7

  tsx@4.20.6:
    dependencies:
      esbuild: 0.25.12
      get-tsconfig: 4.14.3
    optionalDependencies:
      fsevents: 2.3.3

  typescript@5.9.3: {}

  vite@7.1.7(tsx@4.20.6):
    dependencies:
      esbuild: 0.25.12
      fdir: 6.5.0(picomatch@4.0.7)
      picomatch: 4.0.7
      postcss: 8.5.28
      rollup: 4.63.2
      tinyglobby: 0.2.17
    optionalDependencies:
      fsevents: 2.3.3
      tsx: 4.20.6

  zustand@5.0.8(@types/react@19.1.16)(react@19.1.1):
    optionalDependencies:
      '@types/react': 19.1.16
      react: 19.1.1
